// !$*UTF8*$!
{
	archiveVersion = 1;
	classes = {
	};
	objectVersion = 46;
	objects = {

/* Begin PBXBuildFile section */
		6A7B8B0818E32D1600DA9D47 /* Foundation.framework in Frameworks */ = {isa = PBXBuildFile; fileRef = 6A7B8B0718E32D1600DA9D47 /* Foundation.framework */; };
		6A7B8B0A18E32D1600DA9D47 /* CoreGraphics.framework in Frameworks */ = {isa = PBXBuildFile; fileRef = 6A7B8B0918E32D1600DA9D47 /* CoreGraphics.framework */; };
		6A7B8B0C18E32D1600DA9D47 /* UIKit.framework in Frameworks */ = {isa = PBXBuildFile; fileRef = 6A7B8B0B18E32D1600DA9D47 /* UIKit.framework */; };
		6A7B8B1218E32D1600DA9D47 /* InfoPlist.strings in Resources */ = {isa = PBXBuildFile; fileRef = 6A7B8B1018E32D1600DA9D47 /* InfoPlist.strings */; };
		6A7B8B1418E32D1600DA9D47 /* main.m in Sources */ = {isa = PBXBuildFile; fileRef = 6A7B8B1318E32D1600DA9D47 /* main.m */; };
		6A7B8B2018E32D1600DA9D47 /* Images.xcassets in Resources */ = {isa = PBXBuildFile; fileRef = 6A7B8B1F18E32D1600DA9D47 /* Images.xcassets */; };
		6A7B8B2718E32D1600DA9D47 /* XCTest.framework in Frameworks */ = {isa = PBXBuildFile; fileRef = 6A7B8B2618E32D1600DA9D47 /* XCTest.framework */; };
		6A7B8B2818E32D1600DA9D47 /* Foundation.framework in Frameworks */ = {isa = PBXBuildFile; fileRef = 6A7B8B0718E32D1600DA9D47 /* Foundation.framework */; };
		6A7B8B2918E32D1600DA9D47 /* UIKit.framework in Frameworks */ = {isa = PBXBuildFile; fileRef = 6A7B8B0B18E32D1600DA9D47 /* UIKit.framework */; };
		6A7B8B3118E32D1600DA9D47 /* InfoPlist.strings in Resources */ = {isa = PBXBuildFile; fileRef = 6A7B8B2F18E32D1600DA9D47 /* InfoPlist.strings */; };
		6A7B8B3318E32D1600DA9D47 /* DFSidebarMenuTests.m in Sources */ = {isa = PBXBuildFile; fileRef = 6A7B8B3218E32D1600DA9D47 /* DFSidebarMenuTests.m */; };
		6A7B8B7118E32D6F00DA9D47 /* DFSidebar.m in Sources */ = {isa = PBXBuildFile; fileRef = 6A7B8B6A18E32D6F00DA9D47 /* DFSidebar.m */; };
		6A7B8B7218E32D6F00DA9D47 /* DFSidebarCell.xib in Resources */ = {isa = PBXBuildFile; fileRef = 6A7B8B6B18E32D6F00DA9D47 /* DFSidebarCell.xib */; };
		6A7B8B7318E32D6F00DA9D47 /* DFSidebarMenu.m in Sources */ = {isa = PBXBuildFile; fileRef = 6A7B8B6D18E32D6F00DA9D47 /* DFSidebarMenu.m */; };
		6A7B8B7718E32D7C00DA9D47 /* AppDelegate.m in Sources */ = {isa = PBXBuildFile; fileRef = 6A7B8B7618E32D7C00DA9D47 /* AppDelegate.m */; };
		6A7B8B8118E32D8500DA9D47 /* FirstViewController.m in Sources */ = {isa = PBXBuildFile; fileRef = 6A7B8B7A18E32D8500DA9D47 /* FirstViewController.m */; };
		6A7B8B8218E32D8500DA9D47 /* SecondViewController.m in Sources */ = {isa = PBXBuildFile; fileRef = 6A7B8B7C18E32D8500DA9D47 /* SecondViewController.m */; };
		6A7B8B8318E32D8500DA9D47 /* ThirdViewController.m in Sources */ = {isa = PBXBuildFile; fileRef = 6A7B8B7E18E32D8500DA9D47 /* ThirdViewController.m */; };
		6A7B8B8418E32D8500DA9D47 /* ViewController.m in Sources */ = {isa = PBXBuildFile; fileRef = 6A7B8B8018E32D8500DA9D47 /* ViewController.m */; };
		6A7B8B8818E32D9600DA9D47 /* Main.storyboard in Resources */ = {isa = PBXBuildFile; fileRef = 6A7B8B8618E32D9600DA9D47 /* Main.storyboard */; };
		6A7B8B9618E32E3D00DA9D47 /* AVFoundation.framework in Frameworks */ = {isa = PBXBuildFile; fileRef = 6A7B8B9518E32E3D00DA9D47 /* AVFoundation.framework */; };
		6A7B8B9818E32E4200DA9D47 /* OpenGLES.framework in Frameworks */ = {isa = PBXBuildFile; fileRef = 6A7B8B9718E32E4200DA9D47 /* OpenGLES.framework */; };
		6A7B8B9A18E32E4E00DA9D47 /* CoreVideo.framework in Frameworks */ = {isa = PBXBuildFile; fileRef = 6A7B8B9918E32E4E00DA9D47 /* CoreVideo.framework */; };
		6A7B8B9C18E32E5500DA9D47 /* CoreMedia.framework in Frameworks */ = {isa = PBXBuildFile; fileRef = 6A7B8B9B18E32E5500DA9D47 /* CoreMedia.framework */; };
		6A7B8B9E18E32E6000DA9D47 /* QuartzCore.framework in Frameworks */ = {isa = PBXBuildFile; fileRef = 6A7B8B9D18E32E6000DA9D47 /* QuartzCore.framework */; };
		6A7B8BA318E337E000DA9D47 /* UIImage+ImageEffects.m in Sources */ = {isa = PBXBuildFile; fileRef = 6A7B8BA218E337E000DA9D47 /* UIImage+ImageEffects.m */; };
		6ACEC63518E435D60000BC51 /* MenuViewController.m in Sources */ = {isa = PBXBuildFile; fileRef = 6ACEC63418E435D60000BC51 /* MenuViewController.m */; };
/* End PBXBuildFile section */

/* Begin PBXContainerItemProxy section */
		6A7B8B2A18E32D1600DA9D47 /* PBXContainerItemProxy */ = {
			isa = PBXContainerItemProxy;
			containerPortal = 6A7B8AFC18E32D1600DA9D47 /* Project object */;
			proxyType = 1;
			remoteGlobalIDString = 6A7B8B0318E32D1600DA9D47;
			remoteInfo = DFSidebarMenu;
		};
/* End PBXContainerItemProxy section */

/* Begin PBXFileReference section */
		6A7B8B0418E32D1600DA9D47 /* DFSidebarMenu.app */ = {isa = PBXFileReference; explicitFileType = wrapper.application; includeInIndex = 0; path = DFSidebarMenu.app; sourceTree = BUILT_PRODUCTS_DIR; };
		6A7B8B0718E32D1600DA9D47 /* Foundation.framework */ = {isa = PBXFileReference; lastKnownFileType = wrapper.framework; name = Foundation.framework; path = System/Library/Frameworks/Foundation.framework; sourceTree = SDKROOT; };
		6A7B8B0918E32D1600DA9D47 /* CoreGraphics.framework */ = {isa = PBXFileReference; lastKnownFileType = wrapper.framework; name = CoreGraphics.framework; path = System/Library/Frameworks/CoreGraphics.framework; sourceTree = SDKROOT; };
		6A7B8B0B18E32D1600DA9D47 /* UIKit.framework */ = {isa = PBXFileReference; lastKnownFileType = wrapper.framework; name = UIKit.framework; path = System/Library/Frameworks/UIKit.framework; sourceTree = SDKROOT; };
		6A7B8B0F18E32D1600DA9D47 /* DFSidebarMenu-Info.plist */ = {isa = PBXFileReference; lastKnownFileType = text.plist.xml; path = "DFSidebarMenu-Info.plist"; sourceTree = "<group>"; };
		6A7B8B1118E32D1600DA9D47 /* en */ = {isa = PBXFileReference; lastKnownFileType = text.plist.strings; name = en; path = en.lproj/InfoPlist.strings; sourceTree = "<group>"; };
		6A7B8B1318E32D1600DA9D47 /* main.m */ = {isa = PBXFileReference; lastKnownFileType = sourcecode.c.objc; path = main.m; sourceTree = "<group>"; };
		6A7B8B1518E32D1600DA9D47 /* DFSidebarMenu-Prefix.pch */ = {isa = PBXFileReference; lastKnownFileType = sourcecode.c.h; path = "DFSidebarMenu-Prefix.pch"; sourceTree = "<group>"; };
		6A7B8B1F18E32D1600DA9D47 /* Images.xcassets */ = {isa = PBXFileReference; lastKnownFileType = folder.assetcatalog; path = Images.xcassets; sourceTree = "<group>"; };
		6A7B8B2518E32D1600DA9D47 /* DFSidebarMenuTests.xctest */ = {isa = PBXFileReference; explicitFileType = wrapper.cfbundle; includeInIndex = 0; path = DFSidebarMenuTests.xctest; sourceTree = BUILT_PRODUCTS_DIR; };
		6A7B8B2618E32D1600DA9D47 /* XCTest.framework */ = {isa = PBXFileReference; lastKnownFileType = wrapper.framework; name = XCTest.framework; path = Library/Frameworks/XCTest.framework; sourceTree = DEVELOPER_DIR; };
		6A7B8B2E18E32D1600DA9D47 /* DFSidebarMenuTests-Info.plist */ = {isa = PBXFileReference; lastKnownFileType = text.plist.xml; path = "DFSidebarMenuTests-Info.plist"; sourceTree = "<group>"; };
		6A7B8B3018E32D1600DA9D47 /* en */ = {isa = PBXFileReference; lastKnownFileType = text.plist.strings; name = en; path = en.lproj/InfoPlist.strings; sourceTree = "<group>"; };
		6A7B8B3218E32D1600DA9D47 /* DFSidebarMenuTests.m */ = {isa = PBXFileReference; lastKnownFileType = sourcecode.c.objc; path = DFSidebarMenuTests.m; sourceTree = "<group>"; };
		6A7B8B6918E32D6F00DA9D47 /* DFSidebar.h */ = {isa = PBXFileReference; fileEncoding = 4; lastKnownFileType = sourcecode.c.h; path = DFSidebar.h; sourceTree = "<group>"; };
		6A7B8B6A18E32D6F00DA9D47 /* DFSidebar.m */ = {isa = PBXFileReference; fileEncoding = 4; lastKnownFileType = sourcecode.c.objc; path = DFSidebar.m; sourceTree = "<group>"; };
		6A7B8B6B18E32D6F00DA9D47 /* DFSidebarCell.xib */ = {isa = PBXFileReference; fileEncoding = 4; lastKnownFileType = file.xib; path = DFSidebarCell.xib; sourceTree = "<group>"; };
		6A7B8B6C18E32D6F00DA9D47 /* DFSidebarMenu.h */ = {isa = PBXFileReference; fileEncoding = 4; lastKnownFileType = sourcecode.c.h; path = DFSidebarMenu.h; sourceTree = "<group>"; };
		6A7B8B6D18E32D6F00DA9D47 /* DFSidebarMenu.m */ = {isa = PBXFileReference; fileEncoding = 4; lastKnownFileType = sourcecode.c.objc; path = DFSidebarMenu.m; sourceTree = "<group>"; };
		6A7B8B7518E32D7C00DA9D47 /* AppDelegate.h */ = {isa = PBXFileReference; fileEncoding = 4; lastKnownFileType = sourcecode.c.h; path = AppDelegate.h; sourceTree = "<group>"; };
		6A7B8B7618E32D7C00DA9D47 /* AppDelegate.m */ = {isa = PBXFileReference; fileEncoding = 4; lastKnownFileType = sourcecode.c.objc; path = AppDelegate.m; sourceTree = "<group>"; };
		6A7B8B7918E32D8500DA9D47 /* FirstViewController.h */ = {isa = PBXFileReference; fileEncoding = 4; lastKnownFileType = sourcecode.c.h; path = FirstViewController.h; sourceTree = "<group>"; };
		6A7B8B7A18E32D8500DA9D47 /* FirstViewController.m */ = {isa = PBXFileReference; fileEncoding = 4; lastKnownFileType = sourcecode.c.objc; path = FirstViewController.m; sourceTree = "<group>"; };
		6A7B8B7B18E32D8500DA9D47 /* SecondViewController.h */ = {isa = PBXFileReference; fileEncoding = 4; lastKnownFileType = sourcecode.c.h; path = SecondViewController.h; sourceTree = "<group>"; };
		6A7B8B7C18E32D8500DA9D47 /* SecondViewController.m */ = {isa = PBXFileReference; fileEncoding = 4; lastKnownFileType = sourcecode.c.objc; path = SecondViewController.m; sourceTree = "<group>"; };
		6A7B8B7D18E32D8500DA9D47 /* ThirdViewController.h */ = {isa = PBXFileReference; fileEncoding = 4; lastKnownFileType = sourcecode.c.h; path = ThirdViewController.h; sourceTree = "<group>"; };
		6A7B8B7E18E32D8500DA9D47 /* ThirdViewController.m */ = {isa = PBXFileReference; fileEncoding = 4; lastKnownFileType = sourcecode.c.objc; path = ThirdViewController.m; sourceTree = "<group>"; };
		6A7B8B7F18E32D8500DA9D47 /* ViewController.h */ = {isa = PBXFileReference; fileEncoding = 4; lastKnownFileType = sourcecode.c.h; path = ViewController.h; sourceTree = "<group>"; };
		6A7B8B8018E32D8500DA9D47 /* ViewController.m */ = {isa = PBXFileReference; fileEncoding = 4; lastKnownFileType = sourcecode.c.objc; path = ViewController.m; sourceTree = "<group>"; };
		6A7B8B8718E32D9600DA9D47 /* Base */ = {isa = PBXFileReference; lastKnownFileType = file.storyboard; name = Base; path = Main.storyboard; sourceTree = "<group>"; };
		6A7B8B9518E32E3D00DA9D47 /* AVFoundation.framework */ = {isa = PBXFileReference; lastKnownFileType = wrapper.framework; name = AVFoundation.framework; path = System/Library/Frameworks/AVFoundation.framework; sourceTree = SDKROOT; };
		6A7B8B9718E32E4200DA9D47 /* OpenGLES.framework */ = {isa = PBXFileReference; lastKnownFileType = wrapper.framework; name = OpenGLES.framework; path = System/Library/Frameworks/OpenGLES.framework; sourceTree = SDKROOT; };
		6A7B8B9918E32E4E00DA9D47 /* CoreVideo.framework */ = {isa = PBXFileReference; lastKnownFileType = wrapper.framework; name = CoreVideo.framework; path = System/Library/Frameworks/CoreVideo.framework; sourceTree = SDKROOT; };
		6A7B8B9B18E32E5500DA9D47 /* CoreMedia.framework */ = {isa = PBXFileReference; lastKnownFileType = wrapper.framework; name = CoreMedia.framework; path = System/Library/Frameworks/CoreMedia.framework; sourceTree = SDKROOT; };
		6A7B8B9D18E32E6000DA9D47 /* QuartzCore.framework */ = {isa = PBXFileReference; lastKnownFileType = wrapper.framework; name = QuartzCore.framework; path = System/Library/Frameworks/QuartzCore.framework; sourceTree = SDKROOT; };
		6A7B8BA118E337E000DA9D47 /* UIImage+ImageEffects.h */ = {isa = PBXFileReference; fileEncoding = 4; lastKnownFileType = sourcecode.c.h; path = "UIImage+ImageEffects.h"; sourceTree = "<group>"; };
		6A7B8BA218E337E000DA9D47 /* UIImage+ImageEffects.m */ = {isa = PBXFileReference; fileEncoding = 4; lastKnownFileType = sourcecode.c.objc; path = "UIImage+ImageEffects.m"; sourceTree = "<group>"; };
		6ACEC63318E435D60000BC51 /* MenuViewController.h */ = {isa = PBXFileReference; fileEncoding = 4; lastKnownFileType = sourcecode.c.h; path = MenuViewController.h; sourceTree = "<group>"; };
		6ACEC63418E435D60000BC51 /* MenuViewController.m */ = {isa = PBXFileReference; fileEncoding = 4; lastKnownFileType = sourcecode.c.objc; path = MenuViewController.m; sourceTree = "<group>"; };
/* End PBXFileReference section */

/* Begin PBXFrameworksBuildPhase section */
		6A7B8B0118E32D1600DA9D47 /* Frameworks */ = {
			isa = PBXFrameworksBuildPhase;
			buildActionMask = 2147483647;
			files = (
				6A7B8B9E18E32E6000DA9D47 /* QuartzCore.framework in Frameworks */,
				6A7B8B9C18E32E5500DA9D47 /* CoreMedia.framework in Frameworks */,
				6A7B8B9A18E32E4E00DA9D47 /* CoreVideo.framework in Frameworks */,
				6A7B8B9818E32E4200DA9D47 /* OpenGLES.framework in Frameworks */,
				6A7B8B9618E32E3D00DA9D47 /* AVFoundation.framework in Frameworks */,
				6A7B8B0A18E32D1600DA9D47 /* CoreGraphics.framework in Frameworks */,
				6A7B8B0C18E32D1600DA9D47 /* UIKit.framework in Frameworks */,
				6A7B8B0818E32D1600DA9D47 /* Foundation.framework in Frameworks */,
			);
			runOnlyForDeploymentPostprocessing = 0;
		};
		6A7B8B2218E32D1600DA9D47 /* Frameworks */ = {
			isa = PBXFrameworksBuildPhase;
			buildActionMask = 2147483647;
			files = (
				6A7B8B2718E32D1600DA9D47 /* XCTest.framework in Frameworks */,
				6A7B8B2918E32D1600DA9D47 /* UIKit.framework in Frameworks */,
				6A7B8B2818E32D1600DA9D47 /* Foundation.framework in Frameworks */,
			);
			runOnlyForDeploymentPostprocessing = 0;
		};
/* End PBXFrameworksBuildPhase section */

/* Begin PBXGroup section */
		6A7B8AFB18E32D1600DA9D47 = {
			isa = PBXGroup;
			children = (
				6A7B8B0D18E32D1600DA9D47 /* DFSidebarMenu */,
				6A7B8B2C18E32D1600DA9D47 /* DFSidebarMenuTests */,
				6A7B8B0618E32D1600DA9D47 /* Frameworks */,
				6A7B8B0518E32D1600DA9D47 /* Products */,
			);
			sourceTree = "<group>";
		};
		6A7B8B0518E32D1600DA9D47 /* Products */ = {
			isa = PBXGroup;
			children = (
				6A7B8B0418E32D1600DA9D47 /* DFSidebarMenu.app */,
				6A7B8B2518E32D1600DA9D47 /* DFSidebarMenuTests.xctest */,
			);
			name = Products;
			sourceTree = "<group>";
		};
		6A7B8B0618E32D1600DA9D47 /* Frameworks */ = {
			isa = PBXGroup;
			children = (
				6A7B8B9D18E32E6000DA9D47 /* QuartzCore.framework */,
				6A7B8B9B18E32E5500DA9D47 /* CoreMedia.framework */,
				6A7B8B9918E32E4E00DA9D47 /* CoreVideo.framework */,
				6A7B8B9718E32E4200DA9D47 /* OpenGLES.framework */,
				6A7B8B9518E32E3D00DA9D47 /* AVFoundation.framework */,
				6A7B8B0718E32D1600DA9D47 /* Foundation.framework */,
				6A7B8B0918E32D1600DA9D47 /* CoreGraphics.framework */,
				6A7B8B0B18E32D1600DA9D47 /* UIKit.framework */,
				6A7B8B2618E32D1600DA9D47 /* XCTest.framework */,
			);
			name = Frameworks;
			sourceTree = "<group>";
		};
		6A7B8B0D18E32D1600DA9D47 /* DFSidebarMenu */ = {
			isa = PBXGroup;
			children = (
				6A7B8B8618E32D9600DA9D47 /* Main.storyboard */,
				6A7B8B7818E32D8500DA9D47 /* Menus */,
				6A7B8B7F18E32D8500DA9D47 /* ViewController.h */,
				6A7B8B8018E32D8500DA9D47 /* ViewController.m */,
				6A7B8B7518E32D7C00DA9D47 /* AppDelegate.h */,
				6A7B8B7618E32D7C00DA9D47 /* AppDelegate.m */,
				6A7B8B6818E32D6F00DA9D47 /* DFSidebarMenu */,
				6A7B8B1F18E32D1600DA9D47 /* Images.xcassets */,
				6A7B8B0E18E32D1600DA9D47 /* Supporting Files */,
				6ACEC63318E435D60000BC51 /* MenuViewController.h */,
				6ACEC63418E435D60000BC51 /* MenuViewController.m */,
			);
			path = DFSidebarMenu;
			sourceTree = "<group>";
		};
		6A7B8B0E18E32D1600DA9D47 /* Supporting Files */ = {
			isa = PBXGroup;
			children = (
				6A7B8B0F18E32D1600DA9D47 /* DFSidebarMenu-Info.plist */,
				6A7B8B1018E32D1600DA9D47 /* InfoPlist.strings */,
				6A7B8B1318E32D1600DA9D47 /* main.m */,
				6A7B8B1518E32D1600DA9D47 /* DFSidebarMenu-Prefix.pch */,
			);
			name = "Supporting Files";
			sourceTree = "<group>";
		};
		6A7B8B2C18E32D1600DA9D47 /* DFSidebarMenuTests */ = {
			isa = PBXGroup;
			children = (
				6A7B8B3218E32D1600DA9D47 /* DFSidebarMenuTests.m */,
				6A7B8B2D18E32D1600DA9D47 /* Supporting Files */,
			);
			path = DFSidebarMenuTests;
			sourceTree = "<group>";
		};
		6A7B8B2D18E32D1600DA9D47 /* Supporting Files */ = {
			isa = PBXGroup;
			children = (
				6A7B8B2E18E32D1600DA9D47 /* DFSidebarMenuTests-Info.plist */,
				6A7B8B2F18E32D1600DA9D47 /* InfoPlist.strings */,
			);
			name = "Supporting Files";
			sourceTree = "<group>";
		};
		6A7B8B6818E32D6F00DA9D47 /* DFSidebarMenu */ = {
			isa = PBXGroup;
			children = (
				6A7B8BA018E337C100DA9D47 /* AppleBlurEffect */,
				6A7B8B6918E32D6F00DA9D47 /* DFSidebar.h */,
				6A7B8B6A18E32D6F00DA9D47 /* DFSidebar.m */,
				6A7B8B6B18E32D6F00DA9D47 /* DFSidebarCell.xib */,
				6A7B8B6C18E32D6F00DA9D47 /* DFSidebarMenu.h */,
				6A7B8B6D18E32D6F00DA9D47 /* DFSidebarMenu.m */,
			);
			path = DFSidebarMenu;
			sourceTree = "<group>";
		};
		6A7B8B7818E32D8500DA9D47 /* Menus */ = {
			isa = PBXGroup;
			children = (
				6A7B8B7918E32D8500DA9D47 /* FirstViewController.h */,
				6A7B8B7A18E32D8500DA9D47 /* FirstViewController.m */,
				6A7B8B7B18E32D8500DA9D47 /* SecondViewController.h */,
				6A7B8B7C18E32D8500DA9D47 /* SecondViewController.m */,
				6A7B8B7D18E32D8500DA9D47 /* ThirdViewController.h */,
				6A7B8B7E18E32D8500DA9D47 /* ThirdViewController.m */,
			);
			path = Menus;
			sourceTree = "<group>";
		};
		6A7B8BA018E337C100DA9D47 /* AppleBlurEffect */ = {
			isa = PBXGroup;
			children = (
				6A7B8BA118E337E000DA9D47 /* UIImage+ImageEffects.h */,
				6A7B8BA218E337E000DA9D47 /* UIImage+ImageEffects.m */,
			);
			path = AppleBlurEffect;
			sourceTree = "<group>";
		};
/* End PBXGroup section */

/* Begin PBXNativeTarget section */
		6A7B8B0318E32D1600DA9D47 /* DFSidebarMenu */ = {
			isa = PBXNativeTarget;
			buildConfigurationList = 6A7B8B3618E32D1600DA9D47 /* Build configuration list for PBXNativeTarget "DFSidebarMenu" */;
			buildPhases = (
				6A7B8B0018E32D1600DA9D47 /* Sources */,
				6A7B8B0118E32D1600DA9D47 /* Frameworks */,
				6A7B8B0218E32D1600DA9D47 /* Resources */,
			);
			buildRules = (
			);
			dependencies = (
			);
			name = DFSidebarMenu;
			productName = DFSidebarMenu;
			productReference = 6A7B8B0418E32D1600DA9D47 /* DFSidebarMenu.app */;
			productType = "com.apple.product-type.application";
		};
		6A7B8B2418E32D1600DA9D47 /* DFSidebarMenuTests */ = {
			isa = PBXNativeTarget;
			buildConfigurationList = 6A7B8B3918E32D1600DA9D47 /* Build configuration list for PBXNativeTarget "DFSidebarMenuTests" */;
			buildPhases = (
				6A7B8B2118E32D1600DA9D47 /* Sources */,
				6A7B8B2218E32D1600DA9D47 /* Frameworks */,
				6A7B8B2318E32D1600DA9D47 /* Resources */,
			);
			buildRules = (
			);
			dependencies = (
				6A7B8B2B18E32D1600DA9D47 /* PBXTargetDependency */,
			);
			name = DFSidebarMenuTests;
			productName = DFSidebarMenuTests;
			productReference = 6A7B8B2518E32D1600DA9D47 /* DFSidebarMenuTests.xctest */;
			productType = "com.apple.product-type.bundle.unit-test";
		};
/* End PBXNativeTarget section */

/* Begin PBXProject section */
		6A7B8AFC18E32D1600DA9D47 /* Project object */ = {
			isa = PBXProject;
			attributes = {
				LastUpgradeCheck = 0510;
				ORGANIZATIONNAME = "defko@me.com";
				TargetAttributes = {
					6A7B8B2418E32D1600DA9D47 = {
						TestTargetID = 6A7B8B0318E32D1600DA9D47;
					};
				};
			};
			buildConfigurationList = 6A7B8AFF18E32D1600DA9D47 /* Build configuration list for PBXProject "DFSidebarMenu" */;
			compatibilityVersion = "Xcode 3.2";
			developmentRegion = English;
			hasScannedForEncodings = 0;
			knownRegions = (
				en,
				Base,
			);
			mainGroup = 6A7B8AFB18E32D1600DA9D47;
			productRefGroup = 6A7B8B0518E32D1600DA9D47 /* Products */;
			projectDirPath = "";
			projectRoot = "";
			targets = (
				6A7B8B0318E32D1600DA9D47 /* DFSidebarMenu */,
				6A7B8B2418E32D1600DA9D47 /* DFSidebarMenuTests */,
			);
		};
/* End PBXProject section */

/* Begin PBXResourcesBuildPhase section */
		6A7B8B0218E32D1600DA9D47 /* Resources */ = {
			isa = PBXResourcesBuildPhase;
			buildActionMask = 2147483647;
			files = (
				6A7B8B7218E32D6F00DA9D47 /* DFSidebarCell.xib in Resources */,
				6A7B8B2018E32D1600DA9D47 /* Images.xcassets in Resources */,
				6A7B8B1218E32D1600DA9D47 /* InfoPlist.strings in Resources */,
				6A7B8B8818E32D9600DA9D47 /* Main.storyboard in Resources */,
			);
			runOnlyForDeploymentPostprocessing = 0;
		};
		6A7B8B2318E32D1600DA9D47 /* Resources */ = {
			isa = PBXResourcesBuildPhase;
			buildActionMask = 2147483647;
			files = (
				6A7B8B3118E32D1600DA9D47 /* InfoPlist.strings in Resources */,
			);
			runOnlyForDeploymentPostprocessing = 0;
		};
/* End PBXResourcesBuildPhase section */

/* Begin PBXSourcesBuildPhase section */
		6A7B8B0018E32D1600DA9D47 /* Sources */ = {
			isa = PBXSourcesBuildPhase;
			buildActionMask = 2147483647;
			files = (
				6A7B8B8418E32D8500DA9D47 /* ViewController.m in Sources */,
				6A7B8B7118E32D6F00DA9D47 /* DFSidebar.m in Sources */,
				6A7B8B8118E32D8500DA9D47 /* FirstViewController.m in Sources */,
				6A7B8B8318E32D8500DA9D47 /* ThirdViewController.m in Sources */,
				6A7B8B8218E32D8500DA9D47 /* SecondViewController.m in Sources */,
				6A7B8BA318E337E000DA9D47 /* UIImage+ImageEffects.m in Sources */,
				6A7B8B1418E32D1600DA9D47 /* main.m in Sources */,
				6A7B8B7318E32D6F00DA9D47 /* DFSidebarMenu.m in Sources */,
				6A7B8B7718E32D7C00DA9D47 /* AppDelegate.m in Sources */,
				6ACEC63518E435D60000BC51 /* MenuViewController.m in Sources */,
			);
			runOnlyForDeploymentPostprocessing = 0;
		};
		6A7B8B2118E32D1600DA9D47 /* Sources */ = {
			isa = PBXSourcesBuildPhase;
			buildActionMask = 2147483647;
			files = (
				6A7B8B3318E32D1600DA9D47 /* DFSidebarMenuTests.m in Sources */,
			);
			runOnlyForDeploymentPostprocessing = 0;
		};
/* End PBXSourcesBuildPhase section */

/* Begin PBXTargetDependency section */
		6A7B8B2B18E32D1600DA9D47 /* PBXTargetDependency */ = {
			isa = PBXTargetDependency;
			target = 6A7B8B0318E32D1600DA9D47 /* DFSidebarMenu */;
			targetProxy = 6A7B8B2A18E32D1600DA9D47 /* PBXContainerItemProxy */;
		};
/* End PBXTargetDependency section */

/* Begin PBXVariantGroup section */
		6A7B8B1018E32D1600DA9D47 /* InfoPlist.strings */ = {
			isa = PBXVariantGroup;
			children = (
				6A7B8B1118E32D1600DA9D47 /* en */,
			);
			name = InfoPlist.strings;
			sourceTree = "<group>";
		};
		6A7B8B2F18E32D1600DA9D47 /* InfoPlist.strings */ = {
			isa = PBXVariantGroup;
			children = (
				6A7B8B3018E32D1600DA9D47 /* en */,
			);
			name = InfoPlist.strings;
			sourceTree = "<group>";
		};
		6A7B8B8618E32D9600DA9D47 /* Main.storyboard */ = {
			isa = PBXVariantGroup;
			children = (
				6A7B8B8718E32D9600DA9D47 /* Base */,
			);
			name = Main.storyboard;
			path = Base.lproj;
			sourceTree = "<group>";
		};
/* End PBXVariantGroup section */

/* Begin XCBuildConfiguration section */
		6A7B8B3418E32D1600DA9D47 /* Debug */ = {
			isa = XCBuildConfiguration;
			buildSettings = {
				ALWAYS_SEARCH_USER_PATHS = NO;
				CLANG_CXX_LANGUAGE_STANDARD = "gnu++0x";
				CLANG_CXX_LIBRARY = "libc++";
				CLANG_ENABLE_MODULES = YES;
				CLANG_ENABLE_OBJC_ARC = YES;
				CLANG_WARN_BOOL_CONVERSION = YES;
				CLANG_WARN_CONSTANT_CONVERSION = YES;
				CLANG_WARN_DIRECT_OBJC_ISA_USAGE = YES_ERROR;
				CLANG_WARN_EMPTY_BODY = YES;
				CLANG_WARN_ENUM_CONVERSION = YES;
				CLANG_WARN_INT_CONVERSION = YES;
				CLANG_WARN_OBJC_ROOT_CLASS = YES_ERROR;
				CLANG_WARN__DUPLICATE_METHOD_MATCH = YES;
				"CODE_SIGN_IDENTITY[sdk=iphoneos*]" = "iPhone Developer";
				COPY_PHASE_STRIP = NO;
				GCC_C_LANGUAGE_STANDARD = gnu99;
				GCC_DYNAMIC_NO_PIC = NO;
				GCC_OPTIMIZATION_LEVEL = 0;
				GCC_PREPROCESSOR_DEFINITIONS = (
					"DEBUG=1",
					"$(inherited)",
				);
				GCC_SYMBOLS_PRIVATE_EXTERN = NO;
				GCC_WARN_64_TO_32_BIT_CONVERSION = YES;
				GCC_WARN_ABOUT_RETURN_TYPE = YES_ERROR;
				GCC_WARN_UNDECLARED_SELECTOR = YES;
				GCC_WARN_UNINITIALIZED_AUTOS = YES_AGGRESSIVE;
				GCC_WARN_UNUSED_FUNCTION = YES;
				GCC_WARN_UNUSED_VARIABLE = YES;
				IPHONEOS_DEPLOYMENT_TARGET = 7.1;
				ONLY_ACTIVE_ARCH = YES;
				SDKROOT = iphoneos;
			};
			name = Debug;
		};
		6A7B8B3518E32D1600DA9D47 /* Release */ = {
			isa = XCBuildConfiguration;
			buildSettings = {
				ALWAYS_SEARCH_USER_PATHS = NO;
				CLANG_CXX_LANGUAGE_STANDARD = "gnu++0x";
				CLANG_CXX_LIBRARY = "libc++";
				CLANG_ENABLE_MODULES = YES;
				CLANG_ENABLE_OBJC_ARC = YES;
				CLANG_WARN_BOOL_CONVERSION = YES;
				CLANG_WARN_CONSTANT_CONVERSION = YES;
				CLANG_WARN_DIRECT_OBJC_ISA_USAGE = YES_ERROR;
				CLANG_WARN_EMPTY_BODY = YES;
				CLANG_WARN_ENUM_CONVERSION = YES;
				CLANG_WARN_INT_CONVERSION = YES;
				CLANG_WARN_OBJC_ROOT_CLASS = YES_ERROR;
				CLANG_WARN__DUPLICATE_METHOD_MATCH = YES;
				"CODE_SIGN_IDENTITY[sdk=iphoneos*]" = "iPhone Developer";
				COPY_PHASE_STRIP = YES;
				ENABLE_NS_ASSERTIONS = NO;
				GCC_C_LANGUAGE_STANDARD = gnu99;
				GCC_WARN_64_TO_32_BIT_CONVERSION = YES;
				GCC_WARN_ABOUT_RETURN_TYPE = YES_ERROR;
				GCC_WARN_UNDECLARED_SELECTOR = YES;
				GCC_WARN_UNINITIALIZED_AUTOS = YES_AGGRESSIVE;
				GCC_WARN_UNUSED_FUNCTION = YES;
				GCC_WARN_UNUSED_VARIABLE = YES;
				IPHONEOS_DEPLOYMENT_TARGET = 7.1;
				SDKROOT = iphoneos;
				VALIDATE_PRODUCT = YES;
			};
			name = Release;
		};
		6A7B8B3718E32D1600DA9D47 /* Debug */ = {
			isa = XCBuildConfiguration;
			buildSettings = {
				ASSETCATALOG_COMPILER_APPICON_NAME = AppIcon;
				ASSETCATALOG_COMPILER_LAUNCHIMAGE_NAME = LaunchImage;
				GCC_PRECOMPILE_PREFIX_HEADER = YES;
				GCC_PREFIX_HEADER = "DFSidebarMenu/DFSidebarMenu-Prefix.pch";
				HEADER_SEARCH_PATHS = (
					"$(inherited)",
					/Applications/Xcode.app/Contents/Developer/Toolchains/XcodeDefault.xctoolchain/usr/include,
					"/Users/kisstamas/Downloads/GPUImage-master/framework/**",
				);
				INFOPLIST_FILE = "DFSidebarMenu/DFSidebarMenu-Info.plist";
				IPHONEOS_DEPLOYMENT_TARGET = 6.0;
				PRODUCT_NAME = "$(TARGET_NAME)";
				WRAPPER_EXTENSION = app;
			};
			name = Debug;
		};
		6A7B8B3818E32D1600DA9D47 /* Release */ = {
			isa = XCBuildConfiguration;
			buildSettings = {
				ASSETCATALOG_COMPILER_APPICON_NAME = AppIcon;
				ASSETCATALOG_COMPILER_LAUNCHIMAGE_NAME = LaunchImage;
				GCC_PRECOMPILE_PREFIX_HEADER = YES;
				GCC_PREFIX_HEADER = "DFSidebarMenu/DFSidebarMenu-Prefix.pch";
				HEADER_SEARCH_PATHS = (
					"$(inherited)",
					/Applications/Xcode.app/Contents/Developer/Toolchains/XcodeDefault.xctoolchain/usr/include,
					"/Users/kisstamas/Downloads/GPUImage-master/framework/**",
				);
				INFOPLIST_FILE = "DFSidebarMenu/DFSidebarMenu-Info.plist";
				IPHONEOS_DEPLOYMENT_TARGET = 6.0;
				PRODUCT_NAME = "$(TARGET_NAME)";
				WRAPPER_EXTENSION = app;
			};
			name = Release;
		};
		6A7B8B3A18E32D1600DA9D47 /* Debug */ = {
			isa = XCBuildConfiguration;
			buildSettings = {
				BUNDLE_LOADER = "$(BUILT_PRODUCTS_DIR)/DFSidebarMenu.app/DFSidebarMenu";
				FRAMEWORK_SEARCH_PATHS = (
					"$(SDKROOT)/Developer/Library/Frameworks",
					"$(inherited)",
					"$(DEVELOPER_FRAMEWORKS_DIR)",
				);
				GCC_PRECOMPILE_PREFIX_HEADER = YES;
				GCC_PREFIX_HEADER = "DFSidebarMenu/DFSidebarMenu-Prefix.pch";
				GCC_PREPROCESSOR_DEFINITIONS = (
					"DEBUG=1",
					"$(inherited)",
				);
				INFOPLIST_FILE = "DFSidebarMenuTests/DFSidebarMenuTests-Info.plist";
				PRODUCT_NAME = "$(TARGET_NAME)";
				TEST_HOST = "$(BUNDLE_LOADER)";
				WRAPPER_EXTENSION = xctest;
			};
			name = Debug;
		};
		6A7B8B3B18E32D1600DA9D47 /* Release */ = {
			isa = XCBuildConfiguration;
			buildSettings = {
				BUNDLE_LOADER = "$(BUILT_PRODUCTS_DIR)/DFSidebarMenu.app/DFSidebarMenu";
				FRAMEWORK_SEARCH_PATHS = (
					"$(SDKROOT)/Developer/Library/Frameworks",
					"$(inherited)",
					"$(DEVELOPER_FRAMEWORKS_DIR)",
				);
				GCC_PRECOMPILE_PREFIX_HEADER = YES;
				GCC_PREFIX_HEADER = "DFSidebarMenu/DFSidebarMenu-Prefix.pch";
				INFOPLIST_FILE = "DFSidebarMenuTests/DFSidebarMenuTests-Info.plist";
				PRODUCT_NAME = "$(TARGET_NAME)";
				TEST_HOST = "$(BUNDLE_LOADER)";
				WRAPPER_EXTENSION = xctest;
			};
			name = Release;
		};
/* End XCBuildConfiguration section */

/* Begin XCConfigurationList section */
		6A7B8AFF18E32D1600DA9D47 /* Build configuration list for PBXProject "DFSidebarMenu" */ = {
			isa = XCConfigurationList;
			buildConfigurations = (
				6A7B8B3418E32D1600DA9D47 /* Debug */,
				6A7B8B3518E32D1600DA9D47 /* Release */,
			);
			defaultConfigurationIsVisible = 0;
			defaultConfigurationName = Release;
		};
		6A7B8B3618E32D1600DA9D47 /* Build configuration list for PBXNativeTarget "DFSidebarMenu" */ = {
			isa = XCConfigurationList;
			buildConfigurations = (
				6A7B8B3718E32D1600DA9D47 /* Debug */,
				6A7B8B3818E32D1600DA9D47 /* Release */,
			);
			defaultConfigurationIsVisible = 0;
			defaultConfigurationName = Release;
		};
		6A7B8B3918E32D1600DA9D47 /* Build configuration list for PBXNativeTarget "DFSidebarMenuTests" */ = {
			isa = XCConfigurationList;
			buildConfigurations = (
				6A7B8B3A18E32D1600DA9D47 /* Debug */,
				6A7B8B3B18E32D1600DA9D47 /* Release */,
			);
			defaultConfigurationIsVisible = 0;
			defaultConfigurationName = Release;
		};
/* End XCConfigurationList section */
	};
	rootObject = 6A7B8AFC18E32D1600DA9D47 /* Project object */;
}
